
Microsoft Visual Studio Solution File, Format Version 12.00
# Visual Studio Version 17
VisualStudioVersion = 17.8.34330.188
MinimumVisualStudioVersion = 10.0.40219.1
Project("{FAE04EC0-301F-11D3-BF4B-00C04F79EFBC}") = "NESTCOOKING_API.Presentation", "NESTCOOKING_API.Presentation\NESTCOOKING_API.Presentation.csproj", "{CA8475FB-A6A0-423E-9C5A-CAE4880A3672}"
EndProject
Project("{FAE04EC0-301F-11D3-BF4B-00C04F79EFBC}") = "NESTCOOKING_API.DataAccess", "NESTCOOKING_API.DataAccess\NESTCOOKING_API.DataAccess.csproj", "{CEB9CCE4-632B-4AC5-A7EB-83323D84BE0A}"
EndProject
Project("{FAE04EC0-301F-11D3-BF4B-00C04F79EFBC}") = "NESTCOOKING_API.Business", "NESTCOOKING_API.Business\NESTCOOKING_API.Business.csproj", "{E9E1138A-7E02-48CB-A15F-DC5EFB6FCCE2}"
EndProject
Project("{FAE04EC0-301F-11D3-BF4B-00C04F79EFBC}") = "NESTCOOKING_API.Utility", "NESTCOOKING_API.Utility\NESTCOOKING_API.Utility.csproj", "{B17311A5-102A-4E06-8D17-E1800E0741D8}"
EndProject
Global
	GlobalSection(SolutionConfigurationPlatforms) = preSolution
		Debug|Any CPU = Debug|Any CPU
		Release|Any CPU = Release|Any CPU
	EndGlobalSection
	GlobalSection(ProjectConfigurationPlatforms) = postSolution
		{CA8475FB-A6A0-423E-9C5A-CAE4880A3672}.Debug|Any CPU.ActiveCfg = Debug|Any CPU
		{CA8475FB-A6A0-423E-9C5A-CAE4880A3672}.Debug|Any CPU.Build.0 = Debug|Any CPU
		{CA8475FB-A6A0-423E-9C5A-CAE4880A3672}.Release|Any CPU.ActiveCfg = Release|Any CPU
		{CA8475FB-A6A0-423E-9C5A-CAE4880A3672}.Release|Any CPU.Build.0 = Release|Any CPU
		{CEB9CCE4-632B-4AC5-A7EB-83323D84BE0A}.Debug|Any CPU.ActiveCfg = Debug|Any CPU
		{CEB9CCE4-632B-4AC5-A7EB-83323D84BE0A}.Debug|Any CPU.Build.0 = Debug|Any CPU
		{CEB9CCE4-632B-4AC5-A7EB-83323D84BE0A}.Release|Any CPU.ActiveCfg = Release|Any CPU
		{CEB9CCE4-632B-4AC5-A7EB-83323D84BE0A}.Release|Any CPU.Build.0 = Release|Any CPU
		{E9E1138A-7E02-48CB-A15F-DC5EFB6FCCE2}.Debug|Any CPU.ActiveCfg = Debug|Any CPU
		{E9E1138A-7E02-48CB-A15F-DC5EFB6FCCE2}.Debug|Any CPU.Build.0 = Debug|Any CPU
		{E9E1138A-7E02-48CB-A15F-DC5EFB6FCCE2}.Release|Any CPU.ActiveCfg = Release|Any CPU
		{E9E1138A-7E02-48CB-A15F-DC5EFB6FCCE2}.Release|Any CPU.Build.0 = Release|Any CPU
		{B17311A5-102A-4E06-8D17-E1800E0741D8}.Debug|Any CPU.ActiveCfg = Debug|Any CPU
		{B17311A5-102A-4E06-8D17-E1800E0741D8}.Debug|Any CPU.Build.0 = Debug|Any CPU
		{B17311A5-102A-4E06-8D17-E1800E0741D8}.Release|Any CPU.ActiveCfg = Release|Any CPU
		{B17311A5-102A-4E06-8D17-E1800E0741D8}.Release|Any CPU.Build.0 = Release|Any CPU
	EndGlobalSection
	GlobalSection(SolutionProperties) = preSolution
		HideSolutionNode = FALSE
	EndGlobalSection
	GlobalSection(ExtensibilityGlobals) = postSolution
		SolutionGuid = {AB36A973-EEE5-4634-BBC4-45D3F1EEDF49}
	EndGlobalSection
EndGlobal
